
Microsoft Visual Studio Solution File, Format Version 12.00
# Visual Studio 14
VisualStudioVersion = 14.0.24720.0
MinimumVisualStudioVersion = 10.0.40219.1
Project("{FAE04EC0-301F-11D3-BF4B-00C04F79EFBC}") = "తెలుగు", "తెలుగు\తెలుగు.csproj", "{947FDEB7-D1D1-4A96-8E00-0BE0B5952804}"
EndProject
Project("{FAE04EC0-301F-11D3-BF4B-00C04F79EFBC}") = "తెలుగు.టెస్ట్", "తెలుగు.టెస్ట్\తెలుగు.టెస్ట్.csproj", "{CF34017D-3D37-4C79-94D7-99C330361B43}"
EndProject
Global
	GlobalSection(SolutionConfigurationPlatforms) = preSolution
		Debug|Any CPU = Debug|Any CPU
		Release|Any CPU = Release|Any CPU
	EndGlobalSection
	GlobalSection(ProjectConfigurationPlatforms) = postSolution
		{947FDEB7-D1D1-4A96-8E00-0BE0B5952804}.Debug|Any CPU.ActiveCfg = Debug|Any CPU
		{947FDEB7-D1D1-4A96-8E00-0BE0B5952804}.Debug|Any CPU.Build.0 = Debug|Any CPU
		{947FDEB7-D1D1-4A96-8E00-0BE0B5952804}.Release|Any CPU.ActiveCfg = Release|Any CPU
		{947FDEB7-D1D1-4A96-8E00-0BE0B5952804}.Release|Any CPU.Build.0 = Release|Any CPU
		{CF34017D-3D37-4C79-94D7-99C330361B43}.Debug|Any CPU.ActiveCfg = Debug|Any CPU
		{CF34017D-3D37-4C79-94D7-99C330361B43}.Debug|Any CPU.Build.0 = Debug|Any CPU
		{CF34017D-3D37-4C79-94D7-99C330361B43}.Release|Any CPU.ActiveCfg = Release|Any CPU
		{CF34017D-3D37-4C79-94D7-99C330361B43}.Release|Any CPU.Build.0 = Release|Any CPU
	EndGlobalSection
	GlobalSection(SolutionProperties) = preSolution
		HideSolutionNode = FALSE
	EndGlobalSection
EndGlobal
